// !$*UTF8*$!
{
	archiveVersion = 1;
	classes = {
	};
	objectVersion = 46;
	objects = {

/* Begin PBXBuildFile section */
		4D480B361DB1B3B800217674 /* AppDelegate.swift in Sources */ = {isa = PBXBuildFile; fileRef = 4D480B351DB1B3B800217674 /* AppDelegate.swift */; };
		4D480B381DB1B3B800217674 /* ViewController.swift in Sources */ = {isa = PBXBuildFile; fileRef = 4D480B371DB1B3B800217674 /* ViewController.swift */; };
		4D480B3B1DB1B3B800217674 /* Main.storyboard in Resources */ = {isa = PBXBuildFile; fileRef = 4D480B391DB1B3B800217674 /* Main.storyboard */; };
		4D480B3E1DB1B3B800217674 /* Skycons_swift3.xcdatamodeld in Sources */ = {isa = PBXBuildFile; fileRef = 4D480B3C1DB1B3B800217674 /* Skycons_swift3.xcdatamodeld */; };
		4D480B401DB1B3B800217674 /* Assets.xcassets in Resources */ = {isa = PBXBuildFile; fileRef = 4D480B3F1DB1B3B800217674 /* Assets.xcassets */; };
		4D480B431DB1B3B800217674 /* LaunchScreen.storyboard in Resources */ = {isa = PBXBuildFile; fileRef = 4D480B411DB1B3B800217674 /* LaunchScreen.storyboard */; };
		4D480B4B1DB1B43600217674 /* SkyconsView.swift in Sources */ = {isa = PBXBuildFile; fileRef = 4D480B4A1DB1B43600217674 /* SkyconsView.swift */; };
/* End PBXBuildFile section */

/* Begin PBXFileReference section */
		4D480B321DB1B3B800217674 /* Skycons-swift3.app */ = {isa = PBXFileReference; explicitFileType = wrapper.application; includeInIndex = 0; path = "Skycons-swift3.app"; sourceTree = BUILT_PRODUCTS_DIR; };
		4D480B351DB1B3B800217674 /* AppDelegate.swift */ = {isa = PBXFileReference; lastKnownFileType = sourcecode.swift; path = AppDelegate.swift; sourceTree = "<group>"; };
		4D480B371DB1B3B800217674 /* ViewController.swift */ = {isa = PBXFileReference; lastKnownFileType = sourcecode.swift; path = ViewController.swift; sourceTree = "<group>"; };
		4D480B3A1DB1B3B800217674 /* Base */ = {isa = PBXFileReference; lastKnownFileType = file.storyboard; name = Base; path = Base.lproj/Main.storyboard; sourceTree = "<group>"; };
		4D480B3D1DB1B3B800217674 /* Skycons_swift3.xcdatamodel */ = {isa = PBXFileReference; lastKnownFileType = wrapper.xcdatamodel; path = Skycons_swift3.xcdatamodel; sourceTree = "<group>"; };
		4D480B3F1DB1B3B800217674 /* Assets.xcassets */ = {isa = PBXFileReference; lastKnownFileType = folder.assetcatalog; path = Assets.xcassets; sourceTree = "<group>"; };
		4D480B421DB1B3B800217674 /* Base */ = {isa = PBXFileReference; lastKnownFileType = file.storyboard; name = Base; path = Base.lproj/LaunchScreen.storyboard; sourceTree = "<group>"; };
		4D480B441DB1B3B800217674 /* Info.plist */ = {isa = PBXFileReference; lastKnownFileType = text.plist.xml; path = Info.plist; sourceTree = "<group>"; };
		4D480B4A1DB1B43600217674 /* SkyconsView.swift */ = {isa = PBXFileReference; fileEncoding = 4; lastKnownFileType = sourcecode.swift; path = SkyconsView.swift; sourceTree = "<group>"; };
/* End PBXFileReference section */

/* Begin PBXFrameworksBuildPhase section */
		4D480B2F1DB1B3B800217674 /* Frameworks */ = {
			isa = PBXFrameworksBuildPhase;
			buildActionMask = 2147483647;
			files = (
			);
			runOnlyForDeploymentPostprocessing = 0;
		};
/* End PBXFrameworksBuildPhase section */

/* Begin PBXGroup section */
		4D480B291DB1B3B700217674 = {
			isa = PBXGroup;
			children = (
				4D480B341DB1B3B800217674 /* Skycons-swift3 */,
				4D480B331DB1B3B800217674 /* Products */,
			);
			sourceTree = "<group>";
		};
		4D480B331DB1B3B800217674 /* Products */ = {
			isa = PBXGroup;
			children = (
				4D480B321DB1B3B800217674 /* Skycons-swift3.app */,
			);
			name = Products;
			sourceTree = "<group>";
		};
		4D480B341DB1B3B800217674 /* Skycons-swift3 */ = {
			isa = PBXGroup;
			children = (
				4D480B351DB1B3B800217674 /* AppDelegate.swift */,
				4D480B371DB1B3B800217674 /* ViewController.swift */,
				4D480B4A1DB1B43600217674 /* SkyconsView.swift */,
				4D480B391DB1B3B800217674 /* Main.storyboard */,
				4D480B3F1DB1B3B800217674 /* Assets.xcassets */,
				4D480B411DB1B3B800217674 /* LaunchScreen.storyboard */,
				4D480B441DB1B3B800217674 /* Info.plist */,
				4D480B3C1DB1B3B800217674 /* Skycons_swift3.xcdatamodeld */,
			);
			path = "Skycons-swift3";
			sourceTree = "<group>";
		};
/* End PBXGroup section */

/* Begin PBXNativeTarget section */
		4D480B311DB1B3B800217674 /* Skycons-swift3 */ = {
			isa = PBXNativeTarget;
			buildConfigurationList = 4D480B471DB1B3B800217674 /* Build configuration list for PBXNativeTarget "Skycons-swift3" */;
			buildPhases = (
				4D480B2E1DB1B3B800217674 /* Sources */,
				4D480B2F1DB1B3B800217674 /* Frameworks */,
				4D480B301DB1B3B800217674 /* Resources */,
			);
			buildRules = (
			);
			dependencies = (
			);
			name = "Skycons-swift3";
			productName = "Skycons-swift3";
			productReference = 4D480B321DB1B3B800217674 /* Skycons-swift3.app */;
			productType = "com.apple.product-type.application";
		};
/* End PBXNativeTarget section */

/* Begin PBXProject section */
		4D480B2A1DB1B3B700217674 /* Project object */ = {
			isa = PBXProject;
			attributes = {
				LastSwiftUpdateCheck = 0800;
				LastUpgradeCheck = 0800;
				TargetAttributes = {
					4D480B311DB1B3B800217674 = {
						CreatedOnToolsVersion = 8.0;
						DevelopmentTeam = QA9H2RRMX4;
						ProvisioningStyle = Automatic;
					};
				};
			};
			buildConfigurationList = 4D480B2D1DB1B3B700217674 /* Build configuration list for PBXProject "Skycons-swift3" */;
			compatibilityVersion = "Xcode 3.2";
			developmentRegion = English;
			hasScannedForEncodings = 0;
			knownRegions = (
				en,
				Base,
			);
			mainGroup = 4D480B291DB1B3B700217674;
			productRefGroup = 4D480B331DB1B3B800217674 /* Products */;
			projectDirPath = "";
			projectRoot = "";
			targets = (
				4D480B311DB1B3B800217674 /* Skycons-swift3 */,
			);
		};
/* End PBXProject section */

/* Begin PBXResourcesBuildPhase section */
		4D480B301DB1B3B800217674 /* Resources */ = {
			isa = PBXResourcesBuildPhase;
			buildActionMask = 2147483647;
			files = (
				4D480B431DB1B3B800217674 /* LaunchScreen.storyboard in Resources */,
				4D480B401DB1B3B800217674 /* Assets.xcassets in Resources */,
				4D480B3B1DB1B3B800217674 /* Main.storyboard in Resources */,
			);
			runOnlyForDeploymentPostprocessing = 0;
		};
/* End PBXResourcesBuildPhase section */

/* Begin PBXSourcesBuildPhase section */
		4D480B2E1DB1B3B800217674 /* Sources */ = {
			isa = PBXSourcesBuildPhase;
			buildActionMask = 2147483647;
			files = (
				4D480B381DB1B3B800217674 /* ViewController.swift in Sources */,
				4D480B4B1DB1B43600217674 /* SkyconsView.swift in Sources */,
				4D480B361DB1B3B800217674 /* AppDelegate.swift in Sources */,
				4D480B3E1DB1B3B800217674 /* Skycons_swift3.xcdatamodeld in Sources */,
			);
			runOnlyForDeploymentPostprocessing = 0;
		};
/* End PBXSourcesBuildPhase section */

/* Begin PBXVariantGroup section */
		4D480B391DB1B3B800217674 /* Main.storyboard */ = {
			isa = PBXVariantGroup;
			children = (
				4D480B3A1DB1B3B800217674 /* Base */,
			);
			name = Main.storyboard;
			sourceTree = "<group>";
		};
		4D480B411DB1B3B800217674 /* LaunchScreen.storyboard */ = {
			isa = PBXVariantGroup;
			children = (
				4D480B421DB1B3B800217674 /* Base */,
			);
			name = LaunchScreen.storyboard;
			sourceTree = "<group>";
		};
/* End PBXVariantGroup section */

/* Begin XCBuildConfiguration section */
		4D480B451DB1B3B800217674 /* Debug */ = {
			isa = XCBuildConfiguration;
			buildSettings = {
				ALWAYS_SEARCH_USER_PATHS = NO;
				CLANG_ANALYZER_NONNULL = YES;
				CLANG_CXX_LANGUAGE_STANDARD = "gnu++0x";
				CLANG_CXX_LIBRARY = "libc++";
				CLANG_ENABLE_MODULES = YES;
				CLANG_ENABLE_OBJC_ARC = YES;
				CLANG_WARN_BOOL_CONVERSION = YES;
				CLANG_WARN_CONSTANT_CONVERSION = YES;
				CLANG_WARN_DIRECT_OBJC_ISA_USAGE = YES_ERROR;
				CLANG_WARN_DOCUMENTATION_COMMENTS = YES;
				CLANG_WARN_EMPTY_BODY = YES;
				CLANG_WARN_ENUM_CONVERSION = YES;
				CLANG_WARN_INFINITE_RECURSION = YES;
				CLANG_WARN_INT_CONVERSION = YES;
				CLANG_WARN_OBJC_ROOT_CLASS = YES_ERROR;
				CLANG_WARN_SUSPICIOUS_MOVES = YES;
				CLANG_WARN_UNREACHABLE_CODE = YES;
				CLANG_WARN__DUPLICATE_METHOD_MATCH = YES;
				"CODE_SIGN_IDENTITY[sdk=iphoneos*]" = "iPhone Developer";
				COPY_PHASE_STRIP = NO;
				DEBUG_INFORMATION_FORMAT = dwarf;
				ENABLE_STRICT_OBJC_MSGSEND = YES;
				ENABLE_TESTABILITY = YES;
				GCC_C_LANGUAGE_STANDARD = gnu99;
				GCC_DYNAMIC_NO_PIC = NO;
				GCC_NO_COMMON_BLOCKS = YES;
				GCC_OPTIMIZATION_LEVEL = 0;
				GCC_PREPROCESSOR_DEFINITIONS = (
					"DEBUG=1",
					"$(inherited)",
				);
				GCC_WARN_64_TO_32_BIT_CONVERSION = YES;
				GCC_WARN_ABOUT_RETURN_TYPE = YES_ERROR;
				GCC_WARN_UNDECLARED_SELECTOR = YES;
				GCC_WARN_UNINITIALIZED_AUTOS = YES_AGGRESSIVE;
				GCC_WARN_UNUSED_FUNCTION = YES;
				GCC_WARN_UNUSED_VARIABLE = YES;
				IPHONEOS_DEPLOYMENT_TARGET = 10.0;
				MTL_ENABLE_DEBUG_INFO = YES;
				ONLY_ACTIVE_ARCH = YES;
				SDKROOT = iphoneos;
				SWIFT_ACTIVE_COMPILATION_CONDITIONS = DEBUG;
				SWIFT_OPTIMIZATION_LEVEL = "-Onone";
			};
			name = Debug;
		};
		4D480B461DB1B3B800217674 /* Release */ = {
			isa = XCBuildConfiguration;
			buildSettings = {
				ALWAYS_SEARCH_USER_PATHS = NO;
				CLANG_ANALYZER_NONNULL = YES;
				CLANG_CXX_LANGUAGE_STANDARD = "gnu++0x";
				CLANG_CXX_LIBRARY = "libc++";
				CLANG_ENABLE_MODULES = YES;
				CLANG_ENABLE_OBJC_ARC = YES;
				CLANG_WARN_BOOL_CONVERSION = YES;
				CLANG_WARN_CONSTANT_CONVERSION = YES;
				CLANG_WARN_DIRECT_OBJC_ISA_USAGE = YES_ERROR;
				CLANG_WARN_DOCUMENTATION_COMMENTS = YES;
				CLANG_WARN_EMPTY_BODY = YES;
				CLANG_WARN_ENUM_CONVERSION = YES;
				CLANG_WARN_INFINITE_RECURSION = YES;
				CLANG_WARN_INT_CONVERSION = YES;
				CLANG_WARN_OBJC_ROOT_CLASS = YES_ERROR;
				CLANG_WARN_SUSPICIOUS_MOVES = YES;
				CLANG_WARN_UNREACHABLE_CODE = YES;
				CLANG_WARN__DUPLICATE_METHOD_MATCH = YES;
				"CODE_SIGN_IDENTITY[sdk=iphoneos*]" = "iPhone Developer";
				COPY_PHASE_STRIP = NO;
				DEBUG_INFORMATION_FORMAT = "dwarf-with-dsym";
				ENABLE_NS_ASSERTIONS = NO;
				ENABLE_STRICT_OBJC_MSGSEND = YES;
				GCC_C_LANGUAGE_STANDARD = gnu99;
				GCC_NO_COMMON_BLOCKS = YES;
				GCC_WARN_64_TO_32_BIT_CONVERSION = YES;
				GCC_WARN_ABOUT_RETURN_TYPE = YES_ERROR;
				GCC_WARN_UNDECLARED_SELECTOR = YES;
				GCC_WARN_UNINITIALIZED_AUTOS = YES_AGGRESSIVE;
				GCC_WARN_UNUSED_FUNCTION = YES;
				GCC_WARN_UNUSED_VARIABLE = YES;
				IPHONEOS_DEPLOYMENT_TARGET = 10.0;
				MTL_ENABLE_DEBUG_INFO = NO;
				SDKROOT = iphoneos;
				SWIFT_OPTIMIZATION_LEVEL = "-Owholemodule";
				VALIDATE_PRODUCT = YES;
			};
			name = Release;
		};
		4D480B481DB1B3B800217674 /* Debug */ = {
			isa = XCBuildConfiguration;
			buildSettings = {
				ASSETCATALOG_COMPILER_APPICON_NAME = AppIcon;
				DEVELOPMENT_TEAM = QA9H2RRMX4;
				INFOPLIST_FILE = "Skycons-swift3/Info.plist";
				LD_RUNPATH_SEARCH_PATHS = "$(inherited) @executable_path/Frameworks";
				PRODUCT_BUNDLE_IDENTIFIER = "com.mlise.Skycons-swift3";
				PRODUCT_NAME = "$(TARGET_NAME)";
				SWIFT_VERSION = 3.0;
			};
			name = Debug;
		};
		4D480B491DB1B3B800217674 /* Release */ = {
			isa = XCBuildConfiguration;
			buildSettings = {
				ASSETCATALOG_COMPILER_APPICON_NAME = AppIcon;
				DEVELOPMENT_TEAM = QA9H2RRMX4;
				INFOPLIST_FILE = "Skycons-swift3/Info.plist";
				LD_RUNPATH_SEARCH_PATHS = "$(inherited) @executable_path/Frameworks";
				PRODUCT_BUNDLE_IDENTIFIER = "com.mlise.Skycons-swift3";
				PRODUCT_NAME = "$(TARGET_NAME)";
				SWIFT_VERSION = 3.0;
			};
			name = Release;
		};
/* End XCBuildConfiguration section */

/* Begin XCConfigurationList section */
		4D480B2D1DB1B3B700217674 /* Build configuration list for PBXProject "Skycons-swift3" */ = {
			isa = XCConfigurationList;
			buildConfigurations = (
				4D480B451DB1B3B800217674 /* Debug */,
				4D480B461DB1B3B800217674 /* Release */,
			);
			defaultConfigurationIsVisible = 0;
			defaultConfigurationName = Release;
		};
		4D480B471DB1B3B800217674 /* Build configuration list for PBXNativeTarget "Skycons-swift3" */ = {
			isa = XCConfigurationList;
			buildConfigurations = (
				4D480B481DB1B3B800217674 /* Debug */,
				4D480B491DB1B3B800217674 /* Release */,
			);
			defaultConfigurationIsVisible = 0;
		};
/* End XCConfigurationList section */

/* Begin XCVersionGroup section */
		4D480B3C1DB1B3B800217674 /* Skycons_swift3.xcdatamodeld */ = {
			isa = XCVersionGroup;
			children = (
				4D480B3D1DB1B3B800217674 /* Skycons_swift3.xcdatamodel */,
			);
			currentVersion = 4D480B3D1DB1B3B800217674 /* Skycons_swift3.xcdatamodel */;
			path = Skycons_swift3.xcdatamodeld;
			sourceTree = "<group>";
			versionGroupType = wrapper.xcdatamodel;
		};
/* End XCVersionGroup section */
	};
	rootObject = 4D480B2A1DB1B3B700217674 /* Project object */;
}
